
Microsoft Visual Studio Solution File, Format Version 12.00
# Visual Studio 15
VisualStudioVersion = 15.0.27703.2047
MinimumVisualStudioVersion = 10.0.40219.1
Project("{FAE04EC0-301F-11D3-BF4B-00C04F79EFBC}") = "GUITest", "GUITest\GUITest.csproj", "{DEC072B1-457A-467C-992B-DE1F6265BED8}"
EndProject
Project("{FAE04EC0-301F-11D3-BF4B-00C04F79EFBC}") = "GUITest.Tests", "GUITest.Tests\GUITest.Tests.csproj", "{E2B48C34-ED7F-4DA8-AF9F-87D1281795B7}"
EndProject
Global
	GlobalSection(SolutionConfigurationPlatforms) = preSolution
		Debug|Any CPU = Debug|Any CPU
		Release|Any CPU = Release|Any CPU
	EndGlobalSection
	GlobalSection(ProjectConfigurationPlatforms) = postSolution
		{DEC072B1-457A-467C-992B-DE1F6265BED8}.Debug|Any CPU.ActiveCfg = Debug|Any CPU
		{DEC072B1-457A-467C-992B-DE1F6265BED8}.Debug|Any CPU.Build.0 = Debug|Any CPU
		{DEC072B1-457A-467C-992B-DE1F6265BED8}.Release|Any CPU.ActiveCfg = Release|Any CPU
		{DEC072B1-457A-467C-992B-DE1F6265BED8}.Release|Any CPU.Build.0 = Release|Any CPU
		{E2B48C34-ED7F-4DA8-AF9F-87D1281795B7}.Debug|Any CPU.ActiveCfg = Debug|Any CPU
		{E2B48C34-ED7F-4DA8-AF9F-87D1281795B7}.Debug|Any CPU.Build.0 = Debug|Any CPU
		{E2B48C34-ED7F-4DA8-AF9F-87D1281795B7}.Release|Any CPU.ActiveCfg = Release|Any CPU
		{E2B48C34-ED7F-4DA8-AF9F-87D1281795B7}.Release|Any CPU.Build.0 = Release|Any CPU
	EndGlobalSection
	GlobalSection(SolutionProperties) = preSolution
		HideSolutionNode = FALSE
	EndGlobalSection
	GlobalSection(ExtensibilityGlobals) = postSolution
		SolutionGuid = {72FCB6CD-6C0C-4A66-A301-E5CB0E60D07D}
	EndGlobalSection
EndGlobal
